
Microsoft Visual Studio Solution File, Format Version 12.00
# Visual Studio 15
VisualStudioVersion = 15.0.28307.421
MinimumVisualStudioVersion = 10.0.40219.1
Project("{FAE04EC0-301F-11D3-BF4B-00C04F79EFBC}") = "MasterBD", "MasterBB\MasterBD.csproj", "{259F6047-D164-47C1-980D-611E96A4DD5F}"
EndProject
Global
	GlobalSection(SolutionConfigurationPlatforms) = preSolution
		Debug|Any CPU = Debug|Any CPU
		Release|Any CPU = Release|Any CPU
	EndGlobalSection
	GlobalSection(ProjectConfigurationPlatforms) = postSolution
		{259F6047-D164-47C1-980D-611E96A4DD5F}.Debug|Any CPU.ActiveCfg = Debug|Any CPU
		{259F6047-D164-47C1-980D-611E96A4DD5F}.Debug|Any CPU.Build.0 = Debug|Any CPU
		{259F6047-D164-47C1-980D-611E96A4DD5F}.Release|Any CPU.ActiveCfg = Release|Any CPU
		{259F6047-D164-47C1-980D-611E96A4DD5F}.Release|Any CPU.Build.0 = Release|Any CPU
	EndGlobalSection
	GlobalSection(SolutionProperties) = preSolution
		HideSolutionNode = FALSE
	EndGlobalSection
	GlobalSection(ExtensibilityGlobals) = postSolution
		SolutionGuid = {E46D2BCC-0B6E-4E44-B5B7-2911BD3EC365}
	EndGlobalSection
EndGlobal
